
Microsoft Visual Studio Solution File, Format Version 12.00
# Visual Studio 15
VisualStudioVersion = 15.0.27130.2010
MinimumVisualStudioVersion = 10.0.40219.1
Project("{FAE04EC0-301F-11D3-BF4B-00C04F79EFBC}") = "asp-net-session-app", "asp-net-session-app\asp-net-session-app.csproj", "{7FCFF084-3DEA-46D8-96E7-D810C3EBFFCB}"
EndProject
Global
	GlobalSection(SolutionConfigurationPlatforms) = preSolution
		Debug|Any CPU = Debug|Any CPU
		Release|Any CPU = Release|Any CPU
	EndGlobalSection
	GlobalSection(ProjectConfigurationPlatforms) = postSolution
		{7FCFF084-3DEA-46D8-96E7-D810C3EBFFCB}.Debug|Any CPU.ActiveCfg = Debug|Any CPU
		{7FCFF084-3DEA-46D8-96E7-D810C3EBFFCB}.Debug|Any CPU.Build.0 = Debug|Any CPU
		{7FCFF084-3DEA-46D8-96E7-D810C3EBFFCB}.Release|Any CPU.ActiveCfg = Release|Any CPU
		{7FCFF084-3DEA-46D8-96E7-D810C3EBFFCB}.Release|Any CPU.Build.0 = Release|Any CPU
	EndGlobalSection
	GlobalSection(SolutionProperties) = preSolution
		HideSolutionNode = FALSE
	EndGlobalSection
	GlobalSection(ExtensibilityGlobals) = postSolution
		SolutionGuid = {A3BE6ABA-38E7-4986-B6D4-5F2601F76CCD}
	EndGlobalSection
EndGlobal
